<Solution>
  <Project Path="TourPlanner.API/TourPlanner.API.csproj" />
  <Project Path="TourPlanner.BusinessLayer/TourPlanner.BusinessLayer.csproj" />
  <Project Path="TourPlanner.DataAccessLayer/TourPlanner.DataAccessLayer.csproj" />
  <Project Path="TourPlanner.Tests/TourPlanner.Tests.csproj" />
</Solution>
